{
	"name": "xiaofei-plugin",
	"version": "1.8.8",
	"lockfileVersion": 3,
	"requires": true,
	"packages": {
		"": {
			"name": "xiaofei-plugin",
			"version": "1.8.8",
			"dependencies": {
				"silk-wasm": "^3.4.0",
				"xiaofei-plugin": "file:"
			}
		},
		"node_modules/silk-wasm": {
			"version": "3.6.1",
			"resolved": "https://registry.npmjs.org/silk-wasm/-/silk-wasm-3.6.1.tgz",
			"integrity": "sha512-8LeNBvnrXp4zCu9XIdhv8sUNdgvs6LR5SlQC1+JWD7SsPvDrfRCV5WLplDLXRyl1Z4hhBtoLXc2TEuPIU5P7Zg==",
			"engines": {
				"node": ">=16.14.0"
			}
		},
		"node_modules/xiaofei-plugin": {
			"resolved": "",
			"link": true
		}
	}
}
